// !$*UTF8*$!
{
	archiveVersion = 1;
	classes = {
	};
	objectVersion = 46;
	objects = {

/* Begin PBXBuildFile section */
		ECE2576C1E7F8559005F9C8A /* DCCameraFlip.m in Sources */ = {isa = PBXBuildFile; fileRef = ECE2576B1E7F8559005F9C8A /* DCCameraFlip.m */; };
		F67344F71E178A60006D1EFC /* DCCaptureDeviceHelper.m in Sources */ = {isa = PBXBuildFile; fileRef = F67344F61E178A60006D1EFC /* DCCaptureDeviceHelper.m */; };
		F67344FD1E17968E006D1EFC /* DCCaptureOutputManager.m in Sources */ = {isa = PBXBuildFile; fileRef = F67344FC1E17968E006D1EFC /* DCCaptureOutputManager.m */; };
		F67345001E17A039006D1EFC /* DCCaptureInputManager.m in Sources */ = {isa = PBXBuildFile; fileRef = F67344FF1E17A039006D1EFC /* DCCaptureInputManager.m */; };
		F682D2DA1E12B2B9000C1F59 /* main.m in Sources */ = {isa = PBXBuildFile; fileRef = F682D2D91E12B2B9000C1F59 /* main.m */; };
		F682D2DD1E12B2B9000C1F59 /* AppDelegate.m in Sources */ = {isa = PBXBuildFile; fileRef = F682D2DC1E12B2B9000C1F59 /* AppDelegate.m */; };
		F682D2E01E12B2B9000C1F59 /* ViewController.m in Sources */ = {isa = PBXBuildFile; fileRef = F682D2DF1E12B2B9000C1F59 /* ViewController.m */; };
		F682D2E31E12B2B9000C1F59 /* Main.storyboard in Resources */ = {isa = PBXBuildFile; fileRef = F682D2E11E12B2B9000C1F59 /* Main.storyboard */; };
		F682D2E51E12B2B9000C1F59 /* Assets.xcassets in Resources */ = {isa = PBXBuildFile; fileRef = F682D2E41E12B2B9000C1F59 /* Assets.xcassets */; };
		F682D2E81E12B2B9000C1F59 /* LaunchScreen.storyboard in Resources */ = {isa = PBXBuildFile; fileRef = F682D2E61E12B2B9000C1F59 /* LaunchScreen.storyboard */; };
		F682D2F31E12B2B9000C1F59 /* DCEasyCameraTests.m in Sources */ = {isa = PBXBuildFile; fileRef = F682D2F21E12B2B9000C1F59 /* DCEasyCameraTests.m */; };
		F682D2FE1E12B2B9000C1F59 /* DCEasyCameraUITests.m in Sources */ = {isa = PBXBuildFile; fileRef = F682D2FD1E12B2B9000C1F59 /* DCEasyCameraUITests.m */; };
		F682D30E1E12B36D000C1F59 /* DCCamera.m in Sources */ = {isa = PBXBuildFile; fileRef = F682D30D1E12B36D000C1F59 /* DCCamera.m */; };
		F682D3111E12B402000C1F59 /* AVFoundation.framework in Frameworks */ = {isa = PBXBuildFile; fileRef = F682D3101E12B402000C1F59 /* AVFoundation.framework */; };
		F682D3141E12B440000C1F59 /* DCCaptureSession.m in Sources */ = {isa = PBXBuildFile; fileRef = F682D3131E12B440000C1F59 /* DCCaptureSession.m */; };
		F682D3171E12B54A000C1F59 /* DCCapturePreViewLayer.m in Sources */ = {isa = PBXBuildFile; fileRef = F682D3161E12B54A000C1F59 /* DCCapturePreViewLayer.m */; };
		F6E7DFF11E22649900C64EC0 /* DCCameraShot.m in Sources */ = {isa = PBXBuildFile; fileRef = F6E7DFF01E22649900C64EC0 /* DCCameraShot.m */; };
/* End PBXBuildFile section */

/* Begin PBXContainerItemProxy section */
		F682D2EF1E12B2B9000C1F59 /* PBXContainerItemProxy */ = {
			isa = PBXContainerItemProxy;
			containerPortal = F682D2CD1E12B2B8000C1F59 /* Project object */;
			proxyType = 1;
			remoteGlobalIDString = F682D2D41E12B2B8000C1F59;
			remoteInfo = DCEasyCamera;
		};
		F682D2FA1E12B2B9000C1F59 /* PBXContainerItemProxy */ = {
			isa = PBXContainerItemProxy;
			containerPortal = F682D2CD1E12B2B8000C1F59 /* Project object */;
			proxyType = 1;
			remoteGlobalIDString = F682D2D41E12B2B8000C1F59;
			remoteInfo = DCEasyCamera;
		};
/* End PBXContainerItemProxy section */

/* Begin PBXFileReference section */
		ECE2576A1E7F8559005F9C8A /* DCCameraFlip.h */ = {isa = PBXFileReference; fileEncoding = 4; lastKnownFileType = sourcecode.c.h; path = DCCameraFlip.h; sourceTree = "<group>"; };
		ECE2576B1E7F8559005F9C8A /* DCCameraFlip.m */ = {isa = PBXFileReference; fileEncoding = 4; lastKnownFileType = sourcecode.c.objc; path = DCCameraFlip.m; sourceTree = "<group>"; };
		F67344F51E178A60006D1EFC /* DCCaptureDeviceHelper.h */ = {isa = PBXFileReference; fileEncoding = 4; lastKnownFileType = sourcecode.c.h; path = DCCaptureDeviceHelper.h; sourceTree = "<group>"; };
		F67344F61E178A60006D1EFC /* DCCaptureDeviceHelper.m */ = {isa = PBXFileReference; fileEncoding = 4; lastKnownFileType = sourcecode.c.objc; path = DCCaptureDeviceHelper.m; sourceTree = "<group>"; };
		F67344FB1E17968E006D1EFC /* DCCaptureOutputManager.h */ = {isa = PBXFileReference; fileEncoding = 4; lastKnownFileType = sourcecode.c.h; path = DCCaptureOutputManager.h; sourceTree = "<group>"; };
		F67344FC1E17968E006D1EFC /* DCCaptureOutputManager.m */ = {isa = PBXFileReference; fileEncoding = 4; lastKnownFileType = sourcecode.c.objc; path = DCCaptureOutputManager.m; sourceTree = "<group>"; };
		F67344FE1E17A039006D1EFC /* DCCaptureInputManager.h */ = {isa = PBXFileReference; fileEncoding = 4; lastKnownFileType = sourcecode.c.h; path = DCCaptureInputManager.h; sourceTree = "<group>"; };
		F67344FF1E17A039006D1EFC /* DCCaptureInputManager.m */ = {isa = PBXFileReference; fileEncoding = 4; lastKnownFileType = sourcecode.c.objc; path = DCCaptureInputManager.m; sourceTree = "<group>"; };
		F682D2D51E12B2B9000C1F59 /* DCEasyCamera.app */ = {isa = PBXFileReference; explicitFileType = wrapper.application; includeInIndex = 0; path = DCEasyCamera.app; sourceTree = BUILT_PRODUCTS_DIR; };
		F682D2D91E12B2B9000C1F59 /* main.m */ = {isa = PBXFileReference; lastKnownFileType = sourcecode.c.objc; path = main.m; sourceTree = "<group>"; };
		F682D2DB1E12B2B9000C1F59 /* AppDelegate.h */ = {isa = PBXFileReference; lastKnownFileType = sourcecode.c.h; path = AppDelegate.h; sourceTree = "<group>"; };
		F682D2DC1E12B2B9000C1F59 /* AppDelegate.m */ = {isa = PBXFileReference; lastKnownFileType = sourcecode.c.objc; path = AppDelegate.m; sourceTree = "<group>"; };
		F682D2DE1E12B2B9000C1F59 /* ViewController.h */ = {isa = PBXFileReference; lastKnownFileType = sourcecode.c.h; path = ViewController.h; sourceTree = "<group>"; };
		F682D2DF1E12B2B9000C1F59 /* ViewController.m */ = {isa = PBXFileReference; lastKnownFileType = sourcecode.c.objc; path = ViewController.m; sourceTree = "<group>"; };
		F682D2E21E12B2B9000C1F59 /* Base */ = {isa = PBXFileReference; lastKnownFileType = file.storyboard; name = Base; path = Base.lproj/Main.storyboard; sourceTree = "<group>"; };
		F682D2E41E12B2B9000C1F59 /* Assets.xcassets */ = {isa = PBXFileReference; lastKnownFileType = folder.assetcatalog; path = Assets.xcassets; sourceTree = "<group>"; };
		F682D2E71E12B2B9000C1F59 /* Base */ = {isa = PBXFileReference; lastKnownFileType = file.storyboard; name = Base; path = Base.lproj/LaunchScreen.storyboard; sourceTree = "<group>"; };
		F682D2E91E12B2B9000C1F59 /* Info.plist */ = {isa = PBXFileReference; lastKnownFileType = text.plist.xml; path = Info.plist; sourceTree = "<group>"; };
		F682D2EE1E12B2B9000C1F59 /* DCEasyCameraTests.xctest */ = {isa = PBXFileReference; explicitFileType = wrapper.cfbundle; includeInIndex = 0; path = DCEasyCameraTests.xctest; sourceTree = BUILT_PRODUCTS_DIR; };
		F682D2F21E12B2B9000C1F59 /* DCEasyCameraTests.m */ = {isa = PBXFileReference; lastKnownFileType = sourcecode.c.objc; path = DCEasyCameraTests.m; sourceTree = "<group>"; };
		F682D2F41E12B2B9000C1F59 /* Info.plist */ = {isa = PBXFileReference; lastKnownFileType = text.plist.xml; path = Info.plist; sourceTree = "<group>"; };
		F682D2F91E12B2B9000C1F59 /* DCEasyCameraUITests.xctest */ = {isa = PBXFileReference; explicitFileType = wrapper.cfbundle; includeInIndex = 0; path = DCEasyCameraUITests.xctest; sourceTree = BUILT_PRODUCTS_DIR; };
		F682D2FD1E12B2B9000C1F59 /* DCEasyCameraUITests.m */ = {isa = PBXFileReference; lastKnownFileType = sourcecode.c.objc; path = DCEasyCameraUITests.m; sourceTree = "<group>"; };
		F682D2FF1E12B2B9000C1F59 /* Info.plist */ = {isa = PBXFileReference; lastKnownFileType = text.plist.xml; path = Info.plist; sourceTree = "<group>"; };
		F682D30C1E12B36D000C1F59 /* DCCamera.h */ = {isa = PBXFileReference; fileEncoding = 4; lastKnownFileType = sourcecode.c.h; path = DCCamera.h; sourceTree = "<group>"; };
		F682D30D1E12B36D000C1F59 /* DCCamera.m */ = {isa = PBXFileReference; fileEncoding = 4; lastKnownFileType = sourcecode.c.objc; path = DCCamera.m; sourceTree = "<group>"; };
		F682D3101E12B402000C1F59 /* AVFoundation.framework */ = {isa = PBXFileReference; lastKnownFileType = wrapper.framework; name = AVFoundation.framework; path = System/Library/Frameworks/AVFoundation.framework; sourceTree = SDKROOT; };
		F682D3121E12B440000C1F59 /* DCCaptureSession.h */ = {isa = PBXFileReference; fileEncoding = 4; lastKnownFileType = sourcecode.c.h; path = DCCaptureSession.h; sourceTree = "<group>"; };
		F682D3131E12B440000C1F59 /* DCCaptureSession.m */ = {isa = PBXFileReference; fileEncoding = 4; lastKnownFileType = sourcecode.c.objc; path = DCCaptureSession.m; sourceTree = "<group>"; };
		F682D3151E12B54A000C1F59 /* DCCapturePreViewLayer.h */ = {isa = PBXFileReference; fileEncoding = 4; lastKnownFileType = sourcecode.c.h; path = DCCapturePreViewLayer.h; sourceTree = "<group>"; };
		F682D3161E12B54A000C1F59 /* DCCapturePreViewLayer.m */ = {isa = PBXFileReference; fileEncoding = 4; lastKnownFileType = sourcecode.c.objc; path = DCCapturePreViewLayer.m; sourceTree = "<group>"; };
		F6E7DFEF1E22649900C64EC0 /* DCCameraShot.h */ = {isa = PBXFileReference; fileEncoding = 4; lastKnownFileType = sourcecode.c.h; path = DCCameraShot.h; sourceTree = "<group>"; };
		F6E7DFF01E22649900C64EC0 /* DCCameraShot.m */ = {isa = PBXFileReference; fileEncoding = 4; lastKnownFileType = sourcecode.c.objc; path = DCCameraShot.m; sourceTree = "<group>"; };
/* End PBXFileReference section */

/* Begin PBXFrameworksBuildPhase section */
		F682D2D21E12B2B8000C1F59 /* Frameworks */ = {
			isa = PBXFrameworksBuildPhase;
			buildActionMask = 2147483647;
			files = (
				F682D3111E12B402000C1F59 /* AVFoundation.framework in Frameworks */,
			);
			runOnlyForDeploymentPostprocessing = 0;
		};
		F682D2EB1E12B2B9000C1F59 /* Frameworks */ = {
			isa = PBXFrameworksBuildPhase;
			buildActionMask = 2147483647;
			files = (
			);
			runOnlyForDeploymentPostprocessing = 0;
		};
		F682D2F61E12B2B9000C1F59 /* Frameworks */ = {
			isa = PBXFrameworksBuildPhase;
			buildActionMask = 2147483647;
			files = (
			);
			runOnlyForDeploymentPostprocessing = 0;
		};
/* End PBXFrameworksBuildPhase section */

/* Begin PBXGroup section */
		F67344F41E17836B006D1EFC /* Deprecated */ = {
			isa = PBXGroup;
			children = (
			);
			name = Deprecated;
			sourceTree = "<group>";
		};
		F682D2CC1E12B2B8000C1F59 = {
			isa = PBXGroup;
			children = (
				F682D2D71E12B2B9000C1F59 /* DCEasyCamera */,
				F682D2F11E12B2B9000C1F59 /* DCEasyCameraTests */,
				F682D2FC1E12B2B9000C1F59 /* DCEasyCameraUITests */,
				F682D2D61E12B2B9000C1F59 /* Products */,
				F682D30F1E12B402000C1F59 /* Frameworks */,
			);
			sourceTree = "<group>";
		};
		F682D2D61E12B2B9000C1F59 /* Products */ = {
			isa = PBXGroup;
			children = (
				F682D2D51E12B2B9000C1F59 /* DCEasyCamera.app */,
				F682D2EE1E12B2B9000C1F59 /* DCEasyCameraTests.xctest */,
				F682D2F91E12B2B9000C1F59 /* DCEasyCameraUITests.xctest */,
			);
			name = Products;
			sourceTree = "<group>";
		};
		F682D2D71E12B2B9000C1F59 /* DCEasyCamera */ = {
			isa = PBXGroup;
			children = (
				F682D30B1E12B305000C1F59 /* DC */,
				F682D2DB1E12B2B9000C1F59 /* AppDelegate.h */,
				F682D2DC1E12B2B9000C1F59 /* AppDelegate.m */,
				F682D2DE1E12B2B9000C1F59 /* ViewController.h */,
				F682D2DF1E12B2B9000C1F59 /* ViewController.m */,
				F682D2E11E12B2B9000C1F59 /* Main.storyboard */,
				F682D2E41E12B2B9000C1F59 /* Assets.xcassets */,
				F682D2E61E12B2B9000C1F59 /* LaunchScreen.storyboard */,
				F682D2E91E12B2B9000C1F59 /* Info.plist */,
				F682D2D81E12B2B9000C1F59 /* Supporting Files */,
			);
			path = DCEasyCamera;
			sourceTree = "<group>";
		};
		F682D2D81E12B2B9000C1F59 /* Supporting Files */ = {
			isa = PBXGroup;
			children = (
				F682D2D91E12B2B9000C1F59 /* main.m */,
			);
			name = "Supporting Files";
			sourceTree = "<group>";
		};
		F682D2F11E12B2B9000C1F59 /* DCEasyCameraTests */ = {
			isa = PBXGroup;
			children = (
				F682D2F21E12B2B9000C1F59 /* DCEasyCameraTests.m */,
				F682D2F41E12B2B9000C1F59 /* Info.plist */,
			);
			path = DCEasyCameraTests;
			sourceTree = "<group>";
		};
		F682D2FC1E12B2B9000C1F59 /* DCEasyCameraUITests */ = {
			isa = PBXGroup;
			children = (
				F682D2FD1E12B2B9000C1F59 /* DCEasyCameraUITests.m */,
				F682D2FF1E12B2B9000C1F59 /* Info.plist */,
			);
			path = DCEasyCameraUITests;
			sourceTree = "<group>";
		};
		F682D30B1E12B305000C1F59 /* DC */ = {
			isa = PBXGroup;
			children = (
				F682D30C1E12B36D000C1F59 /* DCCamera.h */,
				F682D30D1E12B36D000C1F59 /* DCCamera.m */,
				F682D3121E12B440000C1F59 /* DCCaptureSession.h */,
				F682D3131E12B440000C1F59 /* DCCaptureSession.m */,
				F682D3151E12B54A000C1F59 /* DCCapturePreViewLayer.h */,
				F682D3161E12B54A000C1F59 /* DCCapturePreViewLayer.m */,
				F67344FE1E17A039006D1EFC /* DCCaptureInputManager.h */,
				F67344FF1E17A039006D1EFC /* DCCaptureInputManager.m */,
				F67344F51E178A60006D1EFC /* DCCaptureDeviceHelper.h */,
				F67344F61E178A60006D1EFC /* DCCaptureDeviceHelper.m */,
				F67344FB1E17968E006D1EFC /* DCCaptureOutputManager.h */,
				F67344FC1E17968E006D1EFC /* DCCaptureOutputManager.m */,
				F6E7DFEF1E22649900C64EC0 /* DCCameraShot.h */,
				F6E7DFF01E22649900C64EC0 /* DCCameraShot.m */,
				ECE2576A1E7F8559005F9C8A /* DCCameraFlip.h */,
				ECE2576B1E7F8559005F9C8A /* DCCameraFlip.m */,
				F67344F41E17836B006D1EFC /* Deprecated */,
			);
			name = DC;
			sourceTree = "<group>";
		};
		F682D30F1E12B402000C1F59 /* Frameworks */ = {
			isa = PBXGroup;
			children = (
				F682D3101E12B402000C1F59 /* AVFoundation.framework */,
			);
			name = Frameworks;
			sourceTree = "<group>";
		};
/* End PBXGroup section */

/* Begin PBXNativeTarget section */
		F682D2D41E12B2B8000C1F59 /* DCEasyCamera */ = {
			isa = PBXNativeTarget;
			buildConfigurationList = F682D3021E12B2B9000C1F59 /* Build configuration list for PBXNativeTarget "DCEasyCamera" */;
			buildPhases = (
				F682D2D11E12B2B8000C1F59 /* Sources */,
				F682D2D21E12B2B8000C1F59 /* Frameworks */,
				F682D2D31E12B2B8000C1F59 /* Resources */,
			);
			buildRules = (
			);
			dependencies = (
			);
			name = DCEasyCamera;
			productName = DCEasyCamera;
			productReference = F682D2D51E12B2B9000C1F59 /* DCEasyCamera.app */;
			productType = "com.apple.product-type.application";
		};
		F682D2ED1E12B2B9000C1F59 /* DCEasyCameraTests */ = {
			isa = PBXNativeTarget;
			buildConfigurationList = F682D3051E12B2B9000C1F59 /* Build configuration list for PBXNativeTarget "DCEasyCameraTests" */;
			buildPhases = (
				F682D2EA1E12B2B9000C1F59 /* Sources */,
				F682D2EB1E12B2B9000C1F59 /* Frameworks */,
				F682D2EC1E12B2B9000C1F59 /* Resources */,
			);
			buildRules = (
			);
			dependencies = (
				F682D2F01E12B2B9000C1F59 /* PBXTargetDependency */,
			);
			name = DCEasyCameraTests;
			productName = DCEasyCameraTests;
			productReference = F682D2EE1E12B2B9000C1F59 /* DCEasyCameraTests.xctest */;
			productType = "com.apple.product-type.bundle.unit-test";
		};
		F682D2F81E12B2B9000C1F59 /* DCEasyCameraUITests */ = {
			isa = PBXNativeTarget;
			buildConfigurationList = F682D3081E12B2B9000C1F59 /* Build configuration list for PBXNativeTarget "DCEasyCameraUITests" */;
			buildPhases = (
				F682D2F51E12B2B9000C1F59 /* Sources */,
				F682D2F61E12B2B9000C1F59 /* Frameworks */,
				F682D2F71E12B2B9000C1F59 /* Resources */,
			);
			buildRules = (
			);
			dependencies = (
				F682D2FB1E12B2B9000C1F59 /* PBXTargetDependency */,
			);
			name = DCEasyCameraUITests;
			productName = DCEasyCameraUITests;
			productReference = F682D2F91E12B2B9000C1F59 /* DCEasyCameraUITests.xctest */;
			productType = "com.apple.product-type.bundle.ui-testing";
		};
/* End PBXNativeTarget section */

/* Begin PBXProject section */
		F682D2CD1E12B2B8000C1F59 /* Project object */ = {
			isa = PBXProject;
			attributes = {
				LastUpgradeCheck = 0820;
				ORGANIZATIONNAME = "陈怀宇";
				TargetAttributes = {
					F682D2D41E12B2B8000C1F59 = {
						CreatedOnToolsVersion = 8.2;
						DevelopmentTeam = N5P964AM93;
						ProvisioningStyle = Automatic;
					};
					F682D2ED1E12B2B9000C1F59 = {
						CreatedOnToolsVersion = 8.2;
						ProvisioningStyle = Automatic;
						TestTargetID = F682D2D41E12B2B8000C1F59;
					};
					F682D2F81E12B2B9000C1F59 = {
						CreatedOnToolsVersion = 8.2;
						ProvisioningStyle = Automatic;
						TestTargetID = F682D2D41E12B2B8000C1F59;
					};
				};
			};
			buildConfigurationList = F682D2D01E12B2B8000C1F59 /* Build configuration list for PBXProject "DCEasyCamera" */;
			compatibilityVersion = "Xcode 3.2";
			developmentRegion = English;
			hasScannedForEncodings = 0;
			knownRegions = (
				en,
				Base,
			);
			mainGroup = F682D2CC1E12B2B8000C1F59;
			productRefGroup = F682D2D61E12B2B9000C1F59 /* Products */;
			projectDirPath = "";
			projectRoot = "";
			targets = (
				F682D2D41E12B2B8000C1F59 /* DCEasyCamera */,
				F682D2ED1E12B2B9000C1F59 /* DCEasyCameraTests */,
				F682D2F81E12B2B9000C1F59 /* DCEasyCameraUITests */,
			);
		};
/* End PBXProject section */

/* Begin PBXResourcesBuildPhase section */
		F682D2D31E12B2B8000C1F59 /* Resources */ = {
			isa = PBXResourcesBuildPhase;
			buildActionMask = 2147483647;
			files = (
				F682D2E81E12B2B9000C1F59 /* LaunchScreen.storyboard in Resources */,
				F682D2E51E12B2B9000C1F59 /* Assets.xcassets in Resources */,
				F682D2E31E12B2B9000C1F59 /* Main.storyboard in Resources */,
			);
			runOnlyForDeploymentPostprocessing = 0;
		};
		F682D2EC1E12B2B9000C1F59 /* Resources */ = {
			isa = PBXResourcesBuildPhase;
			buildActionMask = 2147483647;
			files = (
			);
			runOnlyForDeploymentPostprocessing = 0;
		};
		F682D2F71E12B2B9000C1F59 /* Resources */ = {
			isa = PBXResourcesBuildPhase;
			buildActionMask = 2147483647;
			files = (
			);
			runOnlyForDeploymentPostprocessing = 0;
		};
/* End PBXResourcesBuildPhase section */

/* Begin PBXSourcesBuildPhase section */
		F682D2D11E12B2B8000C1F59 /* Sources */ = {
			isa = PBXSourcesBuildPhase;
			buildActionMask = 2147483647;
			files = (
				F67344FD1E17968E006D1EFC /* DCCaptureOutputManager.m in Sources */,
				F682D2E01E12B2B9000C1F59 /* ViewController.m in Sources */,
				F682D30E1E12B36D000C1F59 /* DCCamera.m in Sources */,
				ECE2576C1E7F8559005F9C8A /* DCCameraFlip.m in Sources */,
				F67345001E17A039006D1EFC /* DCCaptureInputManager.m in Sources */,
				F682D2DD1E12B2B9000C1F59 /* AppDelegate.m in Sources */,
				F682D2DA1E12B2B9000C1F59 /* main.m in Sources */,
				F682D3171E12B54A000C1F59 /* DCCapturePreViewLayer.m in Sources */,
				F6E7DFF11E22649900C64EC0 /* DCCameraShot.m in Sources */,
				F682D3141E12B440000C1F59 /* DCCaptureSession.m in Sources */,
				F67344F71E178A60006D1EFC /* DCCaptureDeviceHelper.m in Sources */,
			);
			runOnlyForDeploymentPostprocessing = 0;
		};
		F682D2EA1E12B2B9000C1F59 /* Sources */ = {
			isa = PBXSourcesBuildPhase;
			buildActionMask = 2147483647;
			files = (
				F682D2F31E12B2B9000C1F59 /* DCEasyCameraTests.m in Sources */,
			);
			runOnlyForDeploymentPostprocessing = 0;
		};
		F682D2F51E12B2B9000C1F59 /* Sources */ = {
			isa = PBXSourcesBuildPhase;
			buildActionMask = 2147483647;
			files = (
				F682D2FE1E12B2B9000C1F59 /* DCEasyCameraUITests.m in Sources */,
			);
			runOnlyForDeploymentPostprocessing = 0;
		};
/* End PBXSourcesBuildPhase section */

/* Begin PBXTargetDependency section */
		F682D2F01E12B2B9000C1F59 /* PBXTargetDependency */ = {
			isa = PBXTargetDependency;
			target = F682D2D41E12B2B8000C1F59 /* DCEasyCamera */;
			targetProxy = F682D2EF1E12B2B9000C1F59 /* PBXContainerItemProxy */;
		};
		F682D2FB1E12B2B9000C1F59 /* PBXTargetDependency */ = {
			isa = PBXTargetDependency;
			target = F682D2D41E12B2B8000C1F59 /* DCEasyCamera */;
			targetProxy = F682D2FA1E12B2B9000C1F59 /* PBXContainerItemProxy */;
		};
/* End PBXTargetDependency section */

/* Begin PBXVariantGroup section */
		F682D2E11E12B2B9000C1F59 /* Main.storyboard */ = {
			isa = PBXVariantGroup;
			children = (
				F682D2E21E12B2B9000C1F59 /* Base */,
			);
			name = Main.storyboard;
			sourceTree = "<group>";
		};
		F682D2E61E12B2B9000C1F59 /* LaunchScreen.storyboard */ = {
			isa = PBXVariantGroup;
			children = (
				F682D2E71E12B2B9000C1F59 /* Base */,
			);
			name = LaunchScreen.storyboard;
			sourceTree = "<group>";
		};
/* End PBXVariantGroup section */

/* Begin XCBuildConfiguration section */
		F682D3001E12B2B9000C1F59 /* Debug */ = {
			isa = XCBuildConfiguration;
			buildSettings = {
				ALWAYS_SEARCH_USER_PATHS = NO;
				CLANG_ANALYZER_NONNULL = YES;
				CLANG_CXX_LANGUAGE_STANDARD = "gnu++0x";
				CLANG_CXX_LIBRARY = "libc++";
				CLANG_ENABLE_MODULES = YES;
				CLANG_ENABLE_OBJC_ARC = YES;
				CLANG_WARN_BOOL_CONVERSION = YES;
				CLANG_WARN_CONSTANT_CONVERSION = YES;
				CLANG_WARN_DIRECT_OBJC_ISA_USAGE = YES_ERROR;
				CLANG_WARN_DOCUMENTATION_COMMENTS = YES;
				CLANG_WARN_EMPTY_BODY = YES;
				CLANG_WARN_ENUM_CONVERSION = YES;
				CLANG_WARN_INFINITE_RECURSION = YES;
				CLANG_WARN_INT_CONVERSION = YES;
				CLANG_WARN_OBJC_ROOT_CLASS = YES_ERROR;
				CLANG_WARN_SUSPICIOUS_MOVE = YES;
				CLANG_WARN_UNREACHABLE_CODE = YES;
				CLANG_WARN__DUPLICATE_METHOD_MATCH = YES;
				"CODE_SIGN_IDENTITY[sdk=iphoneos*]" = "iPhone Developer";
				COPY_PHASE_STRIP = NO;
				DEBUG_INFORMATION_FORMAT = dwarf;
				ENABLE_STRICT_OBJC_MSGSEND = YES;
				ENABLE_TESTABILITY = YES;
				GCC_C_LANGUAGE_STANDARD = gnu99;
				GCC_DYNAMIC_NO_PIC = NO;
				GCC_NO_COMMON_BLOCKS = YES;
				GCC_OPTIMIZATION_LEVEL = 0;
				GCC_PREPROCESSOR_DEFINITIONS = (
					"DEBUG=1",
					"$(inherited)",
				);
				GCC_WARN_64_TO_32_BIT_CONVERSION = YES;
				GCC_WARN_ABOUT_RETURN_TYPE = YES_ERROR;
				GCC_WARN_UNDECLARED_SELECTOR = YES;
				GCC_WARN_UNINITIALIZED_AUTOS = YES_AGGRESSIVE;
				GCC_WARN_UNUSED_FUNCTION = YES;
				GCC_WARN_UNUSED_VARIABLE = YES;
				IPHONEOS_DEPLOYMENT_TARGET = 9.0;
				MTL_ENABLE_DEBUG_INFO = YES;
				ONLY_ACTIVE_ARCH = YES;
				SDKROOT = iphoneos;
				TARGETED_DEVICE_FAMILY = "1,2";
			};
			name = Debug;
		};
		F682D3011E12B2B9000C1F59 /* Release */ = {
			isa = XCBuildConfiguration;
			buildSettings = {
				ALWAYS_SEARCH_USER_PATHS = NO;
				CLANG_ANALYZER_NONNULL = YES;
				CLANG_CXX_LANGUAGE_STANDARD = "gnu++0x";
				CLANG_CXX_LIBRARY = "libc++";
				CLANG_ENABLE_MODULES = YES;
				CLANG_ENABLE_OBJC_ARC = YES;
				CLANG_WARN_BOOL_CONVERSION = YES;
				CLANG_WARN_CONSTANT_CONVERSION = YES;
				CLANG_WARN_DIRECT_OBJC_ISA_USAGE = YES_ERROR;
				CLANG_WARN_DOCUMENTATION_COMMENTS = YES;
				CLANG_WARN_EMPTY_BODY = YES;
				CLANG_WARN_ENUM_CONVERSION = YES;
				CLANG_WARN_INFINITE_RECURSION = YES;
				CLANG_WARN_INT_CONVERSION = YES;
				CLANG_WARN_OBJC_ROOT_CLASS = YES_ERROR;
				CLANG_WARN_SUSPICIOUS_MOVE = YES;
				CLANG_WARN_UNREACHABLE_CODE = YES;
				CLANG_WARN__DUPLICATE_METHOD_MATCH = YES;
				"CODE_SIGN_IDENTITY[sdk=iphoneos*]" = "iPhone Developer";
				COPY_PHASE_STRIP = NO;
				DEBUG_INFORMATION_FORMAT = "dwarf-with-dsym";
				ENABLE_NS_ASSERTIONS = NO;
				ENABLE_STRICT_OBJC_MSGSEND = YES;
				GCC_C_LANGUAGE_STANDARD = gnu99;
				GCC_NO_COMMON_BLOCKS = YES;
				GCC_WARN_64_TO_32_BIT_CONVERSION = YES;
				GCC_WARN_ABOUT_RETURN_TYPE = YES_ERROR;
				GCC_WARN_UNDECLARED_SELECTOR = YES;
				GCC_WARN_UNINITIALIZED_AUTOS = YES_AGGRESSIVE;
				GCC_WARN_UNUSED_FUNCTION = YES;
				GCC_WARN_UNUSED_VARIABLE = YES;
				IPHONEOS_DEPLOYMENT_TARGET = 9.0;
				MTL_ENABLE_DEBUG_INFO = NO;
				SDKROOT = iphoneos;
				TARGETED_DEVICE_FAMILY = "1,2";
				VALIDATE_PRODUCT = YES;
			};
			name = Release;
		};
		F682D3031E12B2B9000C1F59 /* Debug */ = {
			isa = XCBuildConfiguration;
			buildSettings = {
				ASSETCATALOG_COMPILER_APPICON_NAME = AppIcon;
				DEVELOPMENT_TEAM = N5P964AM93;
				INFOPLIST_FILE = DCEasyCamera/Info.plist;
				IPHONEOS_DEPLOYMENT_TARGET = 10.0;
				LD_RUNPATH_SEARCH_PATHS = "$(inherited) @executable_path/Frameworks";
				PRODUCT_BUNDLE_IDENTIFIER = D.C.DCEasyCamera;
				PRODUCT_NAME = "$(TARGET_NAME)";
			};
			name = Debug;
		};
		F682D3041E12B2B9000C1F59 /* Release */ = {
			isa = XCBuildConfiguration;
			buildSettings = {
				ASSETCATALOG_COMPILER_APPICON_NAME = AppIcon;
				DEVELOPMENT_TEAM = N5P964AM93;
				INFOPLIST_FILE = DCEasyCamera/Info.plist;
				IPHONEOS_DEPLOYMENT_TARGET = 10.0;
				LD_RUNPATH_SEARCH_PATHS = "$(inherited) @executable_path/Frameworks";
				PRODUCT_BUNDLE_IDENTIFIER = D.C.DCEasyCamera;
				PRODUCT_NAME = "$(TARGET_NAME)";
			};
			name = Release;
		};
		F682D3061E12B2B9000C1F59 /* Debug */ = {
			isa = XCBuildConfiguration;
			buildSettings = {
				BUNDLE_LOADER = "$(TEST_HOST)";
				INFOPLIST_FILE = DCEasyCameraTests/Info.plist;
				LD_RUNPATH_SEARCH_PATHS = "$(inherited) @executable_path/Frameworks @loader_path/Frameworks";
				PRODUCT_BUNDLE_IDENTIFIER = D.C.DCEasyCameraTests;
				PRODUCT_NAME = "$(TARGET_NAME)";
				TEST_HOST = "$(BUILT_PRODUCTS_DIR)/DCEasyCamera.app/DCEasyCamera";
			};
			name = Debug;
		};
		F682D3071E12B2B9000C1F59 /* Release */ = {
			isa = XCBuildConfiguration;
			buildSettings = {
				BUNDLE_LOADER = "$(TEST_HOST)";
				INFOPLIST_FILE = DCEasyCameraTests/Info.plist;
				LD_RUNPATH_SEARCH_PATHS = "$(inherited) @executable_path/Frameworks @loader_path/Frameworks";
				PRODUCT_BUNDLE_IDENTIFIER = D.C.DCEasyCameraTests;
				PRODUCT_NAME = "$(TARGET_NAME)";
				TEST_HOST = "$(BUILT_PRODUCTS_DIR)/DCEasyCamera.app/DCEasyCamera";
			};
			name = Release;
		};
		F682D3091E12B2B9000C1F59 /* Debug */ = {
			isa = XCBuildConfiguration;
			buildSettings = {
				INFOPLIST_FILE = DCEasyCameraUITests/Info.plist;
				LD_RUNPATH_SEARCH_PATHS = "$(inherited) @executable_path/Frameworks @loader_path/Frameworks";
				PRODUCT_BUNDLE_IDENTIFIER = D.C.DCEasyCameraUITests;
				PRODUCT_NAME = "$(TARGET_NAME)";
				TEST_TARGET_NAME = DCEasyCamera;
			};
			name = Debug;
		};
		F682D30A1E12B2B9000C1F59 /* Release */ = {
			isa = XCBuildConfiguration;
			buildSettings = {
				INFOPLIST_FILE = DCEasyCameraUITests/Info.plist;
				LD_RUNPATH_SEARCH_PATHS = "$(inherited) @executable_path/Frameworks @loader_path/Frameworks";
				PRODUCT_BUNDLE_IDENTIFIER = D.C.DCEasyCameraUITests;
				PRODUCT_NAME = "$(TARGET_NAME)";
				TEST_TARGET_NAME = DCEasyCamera;
			};
			name = Release;
		};
/* End XCBuildConfiguration section */

/* Begin XCConfigurationList section */
		F682D2D01E12B2B8000C1F59 /* Build configuration list for PBXProject "DCEasyCamera" */ = {
			isa = XCConfigurationList;
			buildConfigurations = (
				F682D3001E12B2B9000C1F59 /* Debug */,
				F682D3011E12B2B9000C1F59 /* Release */,
			);
			defaultConfigurationIsVisible = 0;
			defaultConfigurationName = Release;
		};
		F682D3021E12B2B9000C1F59 /* Build configuration list for PBXNativeTarget "DCEasyCamera" */ = {
			isa = XCConfigurationList;
			buildConfigurations = (
				F682D3031E12B2B9000C1F59 /* Debug */,
				F682D3041E12B2B9000C1F59 /* Release */,
			);
			defaultConfigurationIsVisible = 0;
			defaultConfigurationName = Release;
		};
		F682D3051E12B2B9000C1F59 /* Build configuration list for PBXNativeTarget "DCEasyCameraTests" */ = {
			isa = XCConfigurationList;
			buildConfigurations = (
				F682D3061E12B2B9000C1F59 /* Debug */,
				F682D3071E12B2B9000C1F59 /* Release */,
			);
			defaultConfigurationIsVisible = 0;
			defaultConfigurationName = Release;
		};
		F682D3081E12B2B9000C1F59 /* Build configuration list for PBXNativeTarget "DCEasyCameraUITests" */ = {
			isa = XCConfigurationList;
			buildConfigurations = (
				F682D3091E12B2B9000C1F59 /* Debug */,
				F682D30A1E12B2B9000C1F59 /* Release */,
			);
			defaultConfigurationIsVisible = 0;
			defaultConfigurationName = Release;
		};
/* End XCConfigurationList section */
	};
	rootObject = F682D2CD1E12B2B8000C1F59 /* Project object */;
}
